
Microsoft Visual Studio Solution File, Format Version 12.00
# Visual Studio 15
VisualStudioVersion = 15.0.28307.757
MinimumVisualStudioVersion = 10.0.40219.1
Project("{FAE04EC0-301F-11D3-BF4B-00C04F79EFBC}") = "SharpEngine", "SharpEngine\SharpEngine.csproj", "{A2FC3C22-5B64-4152-911D-6CA016618B30}"
EndProject
Global
	GlobalSection(SolutionConfigurationPlatforms) = preSolution
		Debug|Any CPU = Debug|Any CPU
		Release|Any CPU = Release|Any CPU
	EndGlobalSection
	GlobalSection(ProjectConfigurationPlatforms) = postSolution
		{A2FC3C22-5B64-4152-911D-6CA016618B30}.Debug|Any CPU.ActiveCfg = Debug|Any CPU
		{A2FC3C22-5B64-4152-911D-6CA016618B30}.Debug|Any CPU.Build.0 = Debug|Any CPU
		{A2FC3C22-5B64-4152-911D-6CA016618B30}.Release|Any CPU.ActiveCfg = Release|Any CPU
		{A2FC3C22-5B64-4152-911D-6CA016618B30}.Release|Any CPU.Build.0 = Release|Any CPU
	EndGlobalSection
	GlobalSection(SolutionProperties) = preSolution
		HideSolutionNode = FALSE
	EndGlobalSection
	GlobalSection(ExtensibilityGlobals) = postSolution
		SolutionGuid = {BA8155AA-1C49-4BBD-A690-748FC9CB8E06}
	EndGlobalSection
EndGlobal
